
Microsoft Visual Studio Solution File, Format Version 12.00
# Visual Studio Version 17
VisualStudioVersion = 17.11.35327.3
MinimumVisualStudioVersion = 10.0.40219.1
Project("{FAE04EC0-301F-11D3-BF4B-00C04F79EFBC}") = "eCommerce_API", "eCommerce_API\eCommerce_API.csproj", "{9573E5DA-C43A-4087-8ED8-EDA133775593}"
EndProject
Global
	GlobalSection(SolutionConfigurationPlatforms) = preSolution
		Debug|Any CPU = Debug|Any CPU
		Release|Any CPU = Release|Any CPU
	EndGlobalSection
	GlobalSection(ProjectConfigurationPlatforms) = postSolution
		{9573E5DA-C43A-4087-8ED8-EDA133775593}.Debug|Any CPU.ActiveCfg = Debug|Any CPU
		{9573E5DA-C43A-4087-8ED8-EDA133775593}.Debug|Any CPU.Build.0 = Debug|Any CPU
		{9573E5DA-C43A-4087-8ED8-EDA133775593}.Release|Any CPU.ActiveCfg = Release|Any CPU
		{9573E5DA-C43A-4087-8ED8-EDA133775593}.Release|Any CPU.Build.0 = Release|Any CPU
	EndGlobalSection
	GlobalSection(SolutionProperties) = preSolution
		HideSolutionNode = FALSE
	EndGlobalSection
	GlobalSection(ExtensibilityGlobals) = postSolution
		SolutionGuid = {3EFE88F1-739A-40B6-99B2-CD777621415C}
	EndGlobalSection
EndGlobal
